// !$*UTF8*$!
{
	archiveVersion = 1;
	classes = {
	};
	objectVersion = 56;
	objects = {

/* Begin PBXBuildFile section */
		3400F01317D8A39B162972E0 /* Pods_K_Block_K_BlockUITests.framework in Frameworks */ = {isa = PBXBuildFile; fileRef = BA64F9DD8CB5789F6D35444D /* Pods_K_Block_K_BlockUITests.framework */; };
		AC1A10B62AD6A14E0014EBEF /* HomeViewController+Extension.swift in Sources */ = {isa = PBXBuildFile; fileRef = AC1A10B52AD6A14E0014EBEF /* HomeViewController+Extension.swift */; };
		AC1FCF322ABC1300002176A5 /* LogInViewController.swift in Sources */ = {isa = PBXBuildFile; fileRef = AC1FCF312ABC1300002176A5 /* LogInViewController.swift */; };
		AC1FCF342ABC1A14002176A5 /* AuthenticationViewController.swift in Sources */ = {isa = PBXBuildFile; fileRef = AC1FCF332ABC1A14002176A5 /* AuthenticationViewController.swift */; };
		AC2D63A42AC441DF00476646 /* HomeViewController.swift in Sources */ = {isa = PBXBuildFile; fileRef = AC2D63A32AC441DF00476646 /* HomeViewController.swift */; };
		AC5A61AA2AC1ABB800844DFF /* InstructionViewController.swift in Sources */ = {isa = PBXBuildFile; fileRef = AC5A61A92AC1ABB800844DFF /* InstructionViewController.swift */; };
		AC6125D82AFB4C3E00BA273C /* TabBarViewController.swift in Sources */ = {isa = PBXBuildFile; fileRef = AC6125D72AFB4C3E00BA273C /* TabBarViewController.swift */; };
		AC6125DC2AFB60E000BA273C /* VPNConfigurationManager.swift in Sources */ = {isa = PBXBuildFile; fileRef = AC6125DB2AFB60E000BA273C /* VPNConfigurationManager.swift */; };
		AC61555D2AF267AF00150293 /* AppManagementTableViewCell.swift in Sources */ = {isa = PBXBuildFile; fileRef = AC61555C2AF267AF00150293 /* AppManagementTableViewCell.swift */; };
		AC6650822AB9ABD500CC8661 /* AppDelegate.swift in Sources */ = {isa = PBXBuildFile; fileRef = AC6650812AB9ABD500CC8661 /* AppDelegate.swift */; };
		AC6650842AB9ABD500CC8661 /* SceneDelegate.swift in Sources */ = {isa = PBXBuildFile; fileRef = AC6650832AB9ABD500CC8661 /* SceneDelegate.swift */; };
		AC66508C2AB9ABD500CC8661 /* K_Block.xcdatamodeld in Sources */ = {isa = PBXBuildFile; fileRef = AC66508A2AB9ABD500CC8661 /* K_Block.xcdatamodeld */; };
		AC66508E2AB9ABDD00CC8661 /* Assets.xcassets in Resources */ = {isa = PBXBuildFile; fileRef = AC66508D2AB9ABDD00CC8661 /* Assets.xcassets */; };
		AC6650912AB9ABDD00CC8661 /* LaunchScreen.storyboard in Resources */ = {isa = PBXBuildFile; fileRef = AC66508F2AB9ABDD00CC8661 /* LaunchScreen.storyboard */; };
		AC66509C2AB9ABDE00CC8661 /* K_BlockTests.swift in Sources */ = {isa = PBXBuildFile; fileRef = AC66509B2AB9ABDE00CC8661 /* K_BlockTests.swift */; };
		AC6650A62AB9ABDE00CC8661 /* K_BlockUITests.swift in Sources */ = {isa = PBXBuildFile; fileRef = AC6650A52AB9ABDE00CC8661 /* K_BlockUITests.swift */; };
		AC6650A82AB9ABDE00CC8661 /* K_BlockUITestsLaunchTests.swift in Sources */ = {isa = PBXBuildFile; fileRef = AC6650A72AB9ABDE00CC8661 /* K_BlockUITestsLaunchTests.swift */; };
		AC682B8B2ADFBDE900FC2665 /* WhiteListViewController+Extension.swift in Sources */ = {isa = PBXBuildFile; fileRef = AC682B8A2ADFBDE900FC2665 /* WhiteListViewController+Extension.swift */; };
		AC682B8F2ADFBFFD00FC2665 /* WhiteListTableViewCell.swift in Sources */ = {isa = PBXBuildFile; fileRef = AC682B8E2ADFBFFD00FC2665 /* WhiteListTableViewCell.swift */; };
		AC682B912ADFFAF200FC2665 /* UIButton+Extension.swift in Sources */ = {isa = PBXBuildFile; fileRef = AC682B902ADFFAF200FC2665 /* UIButton+Extension.swift */; };
		AC6CC2C32AF4B7930015AE70 /* LoginSerialCodeModel.swift in Sources */ = {isa = PBXBuildFile; fileRef = AC6CC2C22AF4B7930015AE70 /* LoginSerialCodeModel.swift */; };
		AC6F32BE2AE927FB00DF471C /* BlackListViewController.swift in Sources */ = {isa = PBXBuildFile; fileRef = AC6F32BD2AE927FB00DF471C /* BlackListViewController.swift */; };
		AC70CB422AC1E65100411C2C /* Main.storyboard in Resources */ = {isa = PBXBuildFile; fileRef = AC70CB402AC1E65100411C2C /* Main.storyboard */; };
		AC71BD172ADEE67F007D6DA1 /* ListTableViewController.swift in Sources */ = {isa = PBXBuildFile; fileRef = AC71BD162ADEE67F007D6DA1 /* ListTableViewController.swift */; };
		AC7379152AF10056008226C2 /* AppManagementViewController.swift in Sources */ = {isa = PBXBuildFile; fileRef = AC7379142AF10056008226C2 /* AppManagementViewController.swift */; };
		AC7379172AF10446008226C2 /* AppManagementViewController+Extension.swift in Sources */ = {isa = PBXBuildFile; fileRef = AC7379162AF10446008226C2 /* AppManagementViewController+Extension.swift */; };
		AC7379192AF12D2F008226C2 /* HistoryNumberOfAdBlockViewController.swift in Sources */ = {isa = PBXBuildFile; fileRef = AC7379182AF12D2F008226C2 /* HistoryNumberOfAdBlockViewController.swift */; };
		AC75D3402ABC9EC00088B845 /* AlertController +Extension.swift in Sources */ = {isa = PBXBuildFile; fileRef = AC75D33F2ABC9EC00088B845 /* AlertController +Extension.swift */; };
		AC76299C2AEB8AF800D0648A /* BlackListTableViewCell.swift in Sources */ = {isa = PBXBuildFile; fileRef = AC76299B2AEB8AF800D0648A /* BlackListTableViewCell.swift */; };
		AC76299E2AEB8B6000D0648A /* BlacListViewController+Extension.swift in Sources */ = {isa = PBXBuildFile; fileRef = AC76299D2AEB8B6000D0648A /* BlacListViewController+Extension.swift */; };
		AC7629A02AEBB30600D0648A /* UIView+Extension.swift in Sources */ = {isa = PBXBuildFile; fileRef = AC76299F2AEBB30600D0648A /* UIView+Extension.swift */; };
		AC7848AF2AD52CB900C61B1A /* Color+Extension.swift in Sources */ = {isa = PBXBuildFile; fileRef = AC7848AE2AD52CB900C61B1A /* Color+Extension.swift */; };
		AC7848B52AD5722C00C61B1A /* InstructionVC+Extension.swift in Sources */ = {isa = PBXBuildFile; fileRef = AC7848B42AD5722C00C61B1A /* InstructionVC+Extension.swift */; };
		AC80CC682AFCE29500428DC8 /* HandalVPNConnection.swift in Sources */ = {isa = PBXBuildFile; fileRef = AC80CC672AFCE29500428DC8 /* HandalVPNConnection.swift */; };
		AC8159BB2B0FA09200A47257 /* Preset.swift in Sources */ = {isa = PBXBuildFile; fileRef = AC8159BA2B0FA09200A47257 /* Preset.swift */; };
		AC8159BD2B0FA13B00A47257 /* Resolver.swift in Sources */ = {isa = PBXBuildFile; fileRef = AC8159BC2B0FA13B00A47257 /* Resolver.swift */; };
		AC8159BF2B0FA18F00A47257 /* Bundle+displayName.swift in Sources */ = {isa = PBXBuildFile; fileRef = AC8159BE2B0FA18F00A47257 /* Bundle+displayName.swift */; };
		AC8159C12B0FA1BF00A47257 /* NEOnDemandRuleAction+CaseIterable.swift in Sources */ = {isa = PBXBuildFile; fileRef = AC8159C02B0FA1BF00A47257 /* NEOnDemandRuleAction+CaseIterable.swift */; };
		AC8159C52B0FA21800A47257 /* NEOnDemandRuleAction+CustomStringConvertible.swift in Sources */ = {isa = PBXBuildFile; fileRef = AC8159C42B0FA21800A47257 /* NEOnDemandRuleAction+CustomStringConvertible.swift */; };
		AC8159C72B0FA24B00A47257 /* NEOnDemandRuleInterfaceType+CaseIterable.swift in Sources */ = {isa = PBXBuildFile; fileRef = AC8159C62B0FA24B00A47257 /* NEOnDemandRuleInterfaceType+CaseIterable.swift */; };
		AC8159C92B0FA26B00A47257 /* NEOnDemandRuleInterfaceType+Codable.swift in Sources */ = {isa = PBXBuildFile; fileRef = AC8159C82B0FA26B00A47257 /* NEOnDemandRuleInterfaceType+Codable.swift */; };
		AC8159CB2B0FA29700A47257 /* NEOnDemandRuleInterfaceType+CustomStringConvertible.swift in Sources */ = {isa = PBXBuildFile; fileRef = AC8159CA2B0FA29700A47257 /* NEOnDemandRuleInterfaceType+CustomStringConvertible.swift */; };
		AC8159CD2B0FA2CC00A47257 /* NEOnDemandRuleInterfaceType+ssidIsUsed.swift in Sources */ = {isa = PBXBuildFile; fileRef = AC8159CC2B0FA2CC00A47257 /* NEOnDemandRuleInterfaceType+ssidIsUsed.swift */; };
		AC8159CF2B0FAB3100A47257 /* NEOnDemandRuleAction+Codable.swift in Sources */ = {isa = PBXBuildFile; fileRef = AC8159CE2B0FAB3100A47257 /* NEOnDemandRuleAction+Codable.swift */; };
		AC8159D82B0FB18100A47257 /* RuleView.swift in Sources */ = {isa = PBXBuildFile; fileRef = AC8159D12B0FB18000A47257 /* RuleView.swift */; };
		AC8159D92B0FB18100A47257 /* DetailView.swift in Sources */ = {isa = PBXBuildFile; fileRef = AC8159D22B0FB18000A47257 /* DetailView.swift */; };
		AC8159DA2B0FB18100A47257 /* DoTSections.swift in Sources */ = {isa = PBXBuildFile; fileRef = AC8159D32B0FB18000A47257 /* DoTSections.swift */; };
		AC8159DB2B0FB18100A47257 /* DoHSections.swift in Sources */ = {isa = PBXBuildFile; fileRef = AC8159D42B0FB18000A47257 /* DoHSections.swift */; };
		AC8159DC2B0FB18100A47257 /* LazyTextField.swift in Sources */ = {isa = PBXBuildFile; fileRef = AC8159D52B0FB18000A47257 /* LazyTextField.swift */; };
		AC8159DD2B0FB18100A47257 /* HowToActivateView.swift in Sources */ = {isa = PBXBuildFile; fileRef = AC8159D62B0FB18000A47257 /* HowToActivateView.swift */; };
		AC8159DE2B0FB18100A47257 /* ContentView.swift in Sources */ = {isa = PBXBuildFile; fileRef = AC8159D72B0FB18000A47257 /* ContentView.swift */; };
		AC84441E2B15C60E0084F705 /* AccountViewController.swift in Sources */ = {isa = PBXBuildFile; fileRef = AC84441D2B15C60E0084F705 /* AccountViewController.swift */; };
		AC8444202B15C63E0084F705 /* DesignSettingViewController.swift in Sources */ = {isa = PBXBuildFile; fileRef = AC84441F2B15C63E0084F705 /* DesignSettingViewController.swift */; };
		AC8444222B15C6BE0084F705 /* AboutAppViewController.swift in Sources */ = {isa = PBXBuildFile; fileRef = AC8444212B15C6BE0084F705 /* AboutAppViewController.swift */; };
		ACB500232B1847370029C32F /* OtherTableViewController.swift in Sources */ = {isa = PBXBuildFile; fileRef = ACB500222B1847370029C32F /* OtherTableViewController.swift */; };
		ACE313E62AF3A3E1005B792E /* Dictionary+Extension.swift in Sources */ = {isa = PBXBuildFile; fileRef = ACE313E52AF3A3E1005B792E /* Dictionary+Extension.swift */; };
		ACE9C9482AEA91C400A33316 /* Array+Extension.swift in Sources */ = {isa = PBXBuildFile; fileRef = ACE9C9472AEA91C400A33316 /* Array+Extension.swift */; };
		ACEB603F2AF211A600CCEC83 /* AppManagementScreenAdvancedSettingTableViewController.swift in Sources */ = {isa = PBXBuildFile; fileRef = ACEB603E2AF211A600CCEC83 /* AppManagementScreenAdvancedSettingTableViewController.swift */; };
		ACFE611B2ADFB5790089DECB /* WhiteListViewController.swift in Sources */ = {isa = PBXBuildFile; fileRef = ACFE611A2ADFB5790089DECB /* WhiteListViewController.swift */; };
		C2A542852DF367703D64D7DC /* Pods_K_BlockTests.framework in Frameworks */ = {isa = PBXBuildFile; fileRef = 29A536A1345435C91C166435 /* Pods_K_BlockTests.framework */; };
		D0F309BB84B340673A35879B /* Pods_K_Block.framework in Frameworks */ = {isa = PBXBuildFile; fileRef = E9B24821963FFC4BE486DF98 /* Pods_K_Block.framework */; };
/* End PBXBuildFile section */

/* Begin PBXContainerItemProxy section */
		AC6650982AB9ABDE00CC8661 /* PBXContainerItemProxy */ = {
			isa = PBXContainerItemProxy;
			containerPortal = AC6650762AB9ABD500CC8661 /* Project object */;
			proxyType = 1;
			remoteGlobalIDString = AC66507D2AB9ABD500CC8661;
			remoteInfo = "K-Block";
		};
		AC6650A22AB9ABDE00CC8661 /* PBXContainerItemProxy */ = {
			isa = PBXContainerItemProxy;
			containerPortal = AC6650762AB9ABD500CC8661 /* Project object */;
			proxyType = 1;
			remoteGlobalIDString = AC66507D2AB9ABD500CC8661;
			remoteInfo = "K-Block";
		};
/* End PBXContainerItemProxy section */

/* Begin PBXFileReference section */
		077C8B008F9D4B9C0E3FD323 /* Pods-K-BlockTests.debug.xcconfig */ = {isa = PBXFileReference; includeInIndex = 1; lastKnownFileType = text.xcconfig; name = "Pods-K-BlockTests.debug.xcconfig"; path = "Target Support Files/Pods-K-BlockTests/Pods-K-BlockTests.debug.xcconfig"; sourceTree = "<group>"; };
		29A536A1345435C91C166435 /* Pods_K_BlockTests.framework */ = {isa = PBXFileReference; explicitFileType = wrapper.framework; includeInIndex = 0; path = Pods_K_BlockTests.framework; sourceTree = BUILT_PRODUCTS_DIR; };
		5D359A5B37F7B12E7D546819 /* Pods-K-BlockTests.release.xcconfig */ = {isa = PBXFileReference; includeInIndex = 1; lastKnownFileType = text.xcconfig; name = "Pods-K-BlockTests.release.xcconfig"; path = "Target Support Files/Pods-K-BlockTests/Pods-K-BlockTests.release.xcconfig"; sourceTree = "<group>"; };
		7DE0630A575B53AFC3CBF6CA /* Pods-K-Block.release.xcconfig */ = {isa = PBXFileReference; includeInIndex = 1; lastKnownFileType = text.xcconfig; name = "Pods-K-Block.release.xcconfig"; path = "Target Support Files/Pods-K-Block/Pods-K-Block.release.xcconfig"; sourceTree = "<group>"; };
		7E6C22133503074B70462550 /* Pods-K-Block.debug.xcconfig */ = {isa = PBXFileReference; includeInIndex = 1; lastKnownFileType = text.xcconfig; name = "Pods-K-Block.debug.xcconfig"; path = "Target Support Files/Pods-K-Block/Pods-K-Block.debug.xcconfig"; sourceTree = "<group>"; };
		AC1A10B52AD6A14E0014EBEF /* HomeViewController+Extension.swift */ = {isa = PBXFileReference; lastKnownFileType = sourcecode.swift; path = "HomeViewController+Extension.swift"; sourceTree = "<group>"; };
		AC1FCF312ABC1300002176A5 /* LogInViewController.swift */ = {isa = PBXFileReference; lastKnownFileType = sourcecode.swift; path = LogInViewController.swift; sourceTree = SOURCE_ROOT; };
		AC1FCF332ABC1A14002176A5 /* AuthenticationViewController.swift */ = {isa = PBXFileReference; lastKnownFileType = sourcecode.swift; path = AuthenticationViewController.swift; sourceTree = "<group>"; };
		AC2D63A32AC441DF00476646 /* HomeViewController.swift */ = {isa = PBXFileReference; lastKnownFileType = sourcecode.swift; path = HomeViewController.swift; sourceTree = "<group>"; };
		AC5A61A92AC1ABB800844DFF /* InstructionViewController.swift */ = {isa = PBXFileReference; lastKnownFileType = sourcecode.swift; path = InstructionViewController.swift; sourceTree = "<group>"; };
		AC6125D72AFB4C3E00BA273C /* TabBarViewController.swift */ = {isa = PBXFileReference; lastKnownFileType = sourcecode.swift; path = TabBarViewController.swift; sourceTree = "<group>"; };
		AC6125DB2AFB60E000BA273C /* VPNConfigurationManager.swift */ = {isa = PBXFileReference; lastKnownFileType = sourcecode.swift; path = VPNConfigurationManager.swift; sourceTree = "<group>"; };
		AC6125DE2AFB624200BA273C /* StaticRules.swift */ = {isa = PBXFileReference; lastKnownFileType = sourcecode.swift; path = StaticRules.swift; sourceTree = "<group>"; };
		AC61555C2AF267AF00150293 /* AppManagementTableViewCell.swift */ = {isa = PBXFileReference; lastKnownFileType = sourcecode.swift; path = AppManagementTableViewCell.swift; sourceTree = "<group>"; };
		AC66507E2AB9ABD500CC8661 /* K-Block.app */ = {isa = PBXFileReference; explicitFileType = wrapper.application; includeInIndex = 0; path = "K-Block.app"; sourceTree = BUILT_PRODUCTS_DIR; };
		AC6650812AB9ABD500CC8661 /* AppDelegate.swift */ = {isa = PBXFileReference; lastKnownFileType = sourcecode.swift; path = AppDelegate.swift; sourceTree = "<group>"; };
		AC6650832AB9ABD500CC8661 /* SceneDelegate.swift */ = {isa = PBXFileReference; lastKnownFileType = sourcecode.swift; path = SceneDelegate.swift; sourceTree = "<group>"; };
		AC66508B2AB9ABD500CC8661 /* K_Block.xcdatamodel */ = {isa = PBXFileReference; lastKnownFileType = wrapper.xcdatamodel; path = K_Block.xcdatamodel; sourceTree = "<group>"; };
		AC66508D2AB9ABDD00CC8661 /* Assets.xcassets */ = {isa = PBXFileReference; lastKnownFileType = folder.assetcatalog; path = Assets.xcassets; sourceTree = "<group>"; };
		AC6650902AB9ABDD00CC8661 /* Base */ = {isa = PBXFileReference; lastKnownFileType = file.storyboard; name = Base; path = Base.lproj/LaunchScreen.storyboard; sourceTree = "<group>"; };
		AC6650922AB9ABDE00CC8661 /* Info.plist */ = {isa = PBXFileReference; lastKnownFileType = text.plist.xml; path = Info.plist; sourceTree = "<group>"; };
		AC6650972AB9ABDE00CC8661 /* K-BlockTests.xctest */ = {isa = PBXFileReference; explicitFileType = wrapper.cfbundle; includeInIndex = 0; path = "K-BlockTests.xctest"; sourceTree = BUILT_PRODUCTS_DIR; };
		AC66509B2AB9ABDE00CC8661 /* K_BlockTests.swift */ = {isa = PBXFileReference; lastKnownFileType = sourcecode.swift; path = K_BlockTests.swift; sourceTree = "<group>"; };
		AC6650A12AB9ABDE00CC8661 /* K-BlockUITests.xctest */ = {isa = PBXFileReference; explicitFileType = wrapper.cfbundle; includeInIndex = 0; path = "K-BlockUITests.xctest"; sourceTree = BUILT_PRODUCTS_DIR; };
		AC6650A52AB9ABDE00CC8661 /* K_BlockUITests.swift */ = {isa = PBXFileReference; lastKnownFileType = sourcecode.swift; path = K_BlockUITests.swift; sourceTree = "<group>"; };
		AC6650A72AB9ABDE00CC8661 /* K_BlockUITestsLaunchTests.swift */ = {isa = PBXFileReference; lastKnownFileType = sourcecode.swift; path = K_BlockUITestsLaunchTests.swift; sourceTree = "<group>"; };
		AC682B8A2ADFBDE900FC2665 /* WhiteListViewController+Extension.swift */ = {isa = PBXFileReference; lastKnownFileType = sourcecode.swift; path = "WhiteListViewController+Extension.swift"; sourceTree = "<group>"; };
		AC682B8E2ADFBFFD00FC2665 /* WhiteListTableViewCell.swift */ = {isa = PBXFileReference; lastKnownFileType = sourcecode.swift; path = WhiteListTableViewCell.swift; sourceTree = "<group>"; };
		AC682B902ADFFAF200FC2665 /* UIButton+Extension.swift */ = {isa = PBXFileReference; lastKnownFileType = sourcecode.swift; path = "UIButton+Extension.swift"; sourceTree = "<group>"; };
		AC6CC2C22AF4B7930015AE70 /* LoginSerialCodeModel.swift */ = {isa = PBXFileReference; lastKnownFileType = sourcecode.swift; path = LoginSerialCodeModel.swift; sourceTree = "<group>"; };
		AC6F32BD2AE927FB00DF471C /* BlackListViewController.swift */ = {isa = PBXFileReference; lastKnownFileType = sourcecode.swift; path = BlackListViewController.swift; sourceTree = "<group>"; };
		AC70CB412AC1E65100411C2C /* Base */ = {isa = PBXFileReference; lastKnownFileType = file.storyboard; name = Base; path = Base.lproj/Main.storyboard; sourceTree = "<group>"; };
		AC71BD162ADEE67F007D6DA1 /* ListTableViewController.swift */ = {isa = PBXFileReference; lastKnownFileType = sourcecode.swift; path = ListTableViewController.swift; sourceTree = "<group>"; };
		AC7379142AF10056008226C2 /* AppManagementViewController.swift */ = {isa = PBXFileReference; lastKnownFileType = sourcecode.swift; path = AppManagementViewController.swift; sourceTree = "<group>"; };
		AC7379162AF10446008226C2 /* AppManagementViewController+Extension.swift */ = {isa = PBXFileReference; lastKnownFileType = sourcecode.swift; path = "AppManagementViewController+Extension.swift"; sourceTree = "<group>"; };
		AC7379182AF12D2F008226C2 /* HistoryNumberOfAdBlockViewController.swift */ = {isa = PBXFileReference; lastKnownFileType = sourcecode.swift; path = HistoryNumberOfAdBlockViewController.swift; sourceTree = "<group>"; };
		AC75D33F2ABC9EC00088B845 /* AlertController +Extension.swift */ = {isa = PBXFileReference; lastKnownFileType = sourcecode.swift; path = "AlertController +Extension.swift"; sourceTree = "<group>"; };
		AC76299B2AEB8AF800D0648A /* BlackListTableViewCell.swift */ = {isa = PBXFileReference; lastKnownFileType = sourcecode.swift; path = BlackListTableViewCell.swift; sourceTree = "<group>"; };
		AC76299D2AEB8B6000D0648A /* BlacListViewController+Extension.swift */ = {isa = PBXFileReference; lastKnownFileType = sourcecode.swift; path = "BlacListViewController+Extension.swift"; sourceTree = "<group>"; };
		AC76299F2AEBB30600D0648A /* UIView+Extension.swift */ = {isa = PBXFileReference; lastKnownFileType = sourcecode.swift; path = "UIView+Extension.swift"; sourceTree = "<group>"; };
		AC7848AE2AD52CB900C61B1A /* Color+Extension.swift */ = {isa = PBXFileReference; lastKnownFileType = sourcecode.swift; path = "Color+Extension.swift"; sourceTree = "<group>"; };
		AC7848B42AD5722C00C61B1A /* InstructionVC+Extension.swift */ = {isa = PBXFileReference; lastKnownFileType = sourcecode.swift; path = "InstructionVC+Extension.swift"; sourceTree = "<group>"; };
		AC80CC672AFCE29500428DC8 /* HandalVPNConnection.swift */ = {isa = PBXFileReference; lastKnownFileType = sourcecode.swift; path = HandalVPNConnection.swift; sourceTree = "<group>"; };
		AC8159BA2B0FA09200A47257 /* Preset.swift */ = {isa = PBXFileReference; lastKnownFileType = sourcecode.swift; path = Preset.swift; sourceTree = "<group>"; };
		AC8159BC2B0FA13B00A47257 /* Resolver.swift */ = {isa = PBXFileReference; lastKnownFileType = sourcecode.swift; path = Resolver.swift; sourceTree = "<group>"; };
		AC8159BE2B0FA18F00A47257 /* Bundle+displayName.swift */ = {isa = PBXFileReference; lastKnownFileType = sourcecode.swift; path = "Bundle+displayName.swift"; sourceTree = "<group>"; };
		AC8159C02B0FA1BF00A47257 /* NEOnDemandRuleAction+CaseIterable.swift */ = {isa = PBXFileReference; lastKnownFileType = sourcecode.swift; path = "NEOnDemandRuleAction+CaseIterable.swift"; sourceTree = "<group>"; };
		AC8159C42B0FA21800A47257 /* NEOnDemandRuleAction+CustomStringConvertible.swift */ = {isa = PBXFileReference; lastKnownFileType = sourcecode.swift; path = "NEOnDemandRuleAction+CustomStringConvertible.swift"; sourceTree = "<group>"; };
		AC8159C62B0FA24B00A47257 /* NEOnDemandRuleInterfaceType+CaseIterable.swift */ = {isa = PBXFileReference; lastKnownFileType = sourcecode.swift; path = "NEOnDemandRuleInterfaceType+CaseIterable.swift"; sourceTree = "<group>"; };
		AC8159C82B0FA26B00A47257 /* NEOnDemandRuleInterfaceType+Codable.swift */ = {isa = PBXFileReference; lastKnownFileType = sourcecode.swift; path = "NEOnDemandRuleInterfaceType+Codable.swift"; sourceTree = "<group>"; };
		AC8159CA2B0FA29700A47257 /* NEOnDemandRuleInterfaceType+CustomStringConvertible.swift */ = {isa = PBXFileReference; lastKnownFileType = sourcecode.swift; path = "NEOnDemandRuleInterfaceType+CustomStringConvertible.swift"; sourceTree = "<group>"; };
		AC8159CC2B0FA2CC00A47257 /* NEOnDemandRuleInterfaceType+ssidIsUsed.swift */ = {isa = PBXFileReference; lastKnownFileType = sourcecode.swift; path = "NEOnDemandRuleInterfaceType+ssidIsUsed.swift"; sourceTree = "<group>"; };
		AC8159CE2B0FAB3100A47257 /* NEOnDemandRuleAction+Codable.swift */ = {isa = PBXFileReference; lastKnownFileType = sourcecode.swift; path = "NEOnDemandRuleAction+Codable.swift"; sourceTree = "<group>"; };
		AC8159D12B0FB18000A47257 /* RuleView.swift */ = {isa = PBXFileReference; fileEncoding = 4; lastKnownFileType = sourcecode.swift; path = RuleView.swift; sourceTree = "<group>"; };
		AC8159D22B0FB18000A47257 /* DetailView.swift */ = {isa = PBXFileReference; fileEncoding = 4; lastKnownFileType = sourcecode.swift; path = DetailView.swift; sourceTree = "<group>"; };
		AC8159D32B0FB18000A47257 /* DoTSections.swift */ = {isa = PBXFileReference; fileEncoding = 4; lastKnownFileType = sourcecode.swift; path = DoTSections.swift; sourceTree = "<group>"; };
		AC8159D42B0FB18000A47257 /* DoHSections.swift */ = {isa = PBXFileReference; fileEncoding = 4; lastKnownFileType = sourcecode.swift; path = DoHSections.swift; sourceTree = "<group>"; };
		AC8159D52B0FB18000A47257 /* LazyTextField.swift */ = {isa = PBXFileReference; fileEncoding = 4; lastKnownFileType = sourcecode.swift; path = LazyTextField.swift; sourceTree = "<group>"; };
		AC8159D62B0FB18000A47257 /* HowToActivateView.swift */ = {isa = PBXFileReference; fileEncoding = 4; lastKnownFileType = sourcecode.swift; path = HowToActivateView.swift; sourceTree = "<group>"; };
		AC8159D72B0FB18000A47257 /* ContentView.swift */ = {isa = PBXFileReference; fileEncoding = 4; lastKnownFileType = sourcecode.swift; path = ContentView.swift; sourceTree = "<group>"; };
		AC84441D2B15C60E0084F705 /* AccountViewController.swift */ = {isa = PBXFileReference; lastKnownFileType = sourcecode.swift; path = AccountViewController.swift; sourceTree = "<group>"; };
		AC84441F2B15C63E0084F705 /* DesignSettingViewController.swift */ = {isa = PBXFileReference; lastKnownFileType = sourcecode.swift; path = DesignSettingViewController.swift; sourceTree = "<group>"; };
		AC8444212B15C6BE0084F705 /* AboutAppViewController.swift */ = {isa = PBXFileReference; lastKnownFileType = sourcecode.swift; path = AboutAppViewController.swift; sourceTree = "<group>"; };
		ACB500222B1847370029C32F /* OtherTableViewController.swift */ = {isa = PBXFileReference; lastKnownFileType = sourcecode.swift; path = OtherTableViewController.swift; sourceTree = "<group>"; };
		ACE313E52AF3A3E1005B792E /* Dictionary+Extension.swift */ = {isa = PBXFileReference; lastKnownFileType = sourcecode.swift; path = "Dictionary+Extension.swift"; sourceTree = "<group>"; };
		ACE9C9472AEA91C400A33316 /* Array+Extension.swift */ = {isa = PBXFileReference; lastKnownFileType = sourcecode.swift; path = "Array+Extension.swift"; sourceTree = "<group>"; };
		ACEB603E2AF211A600CCEC83 /* AppManagementScreenAdvancedSettingTableViewController.swift */ = {isa = PBXFileReference; lastKnownFileType = sourcecode.swift; path = AppManagementScreenAdvancedSettingTableViewController.swift; sourceTree = "<group>"; };
		ACFE611A2ADFB5790089DECB /* WhiteListViewController.swift */ = {isa = PBXFileReference; lastKnownFileType = sourcecode.swift; path = WhiteListViewController.swift; sourceTree = "<group>"; };
		B76C760619C2AC7FDE28EC35 /* Pods-K-Block-K-BlockUITests.debug.xcconfig */ = {isa = PBXFileReference; includeInIndex = 1; lastKnownFileType = text.xcconfig; name = "Pods-K-Block-K-BlockUITests.debug.xcconfig"; path = "Target Support Files/Pods-K-Block-K-BlockUITests/Pods-K-Block-K-BlockUITests.debug.xcconfig"; sourceTree = "<group>"; };
		BA64F9DD8CB5789F6D35444D /* Pods_K_Block_K_BlockUITests.framework */ = {isa = PBXFileReference; explicitFileType = wrapper.framework; includeInIndex = 0; path = Pods_K_Block_K_BlockUITests.framework; sourceTree = BUILT_PRODUCTS_DIR; };
		E9B24821963FFC4BE486DF98 /* Pods_K_Block.framework */ = {isa = PBXFileReference; explicitFileType = wrapper.framework; includeInIndex = 0; path = Pods_K_Block.framework; sourceTree = BUILT_PRODUCTS_DIR; };
		EFC1A0621E1DF30793B45B18 /* Pods-K-Block-K-BlockUITests.release.xcconfig */ = {isa = PBXFileReference; includeInIndex = 1; lastKnownFileType = text.xcconfig; name = "Pods-K-Block-K-BlockUITests.release.xcconfig"; path = "Target Support Files/Pods-K-Block-K-BlockUITests/Pods-K-Block-K-BlockUITests.release.xcconfig"; sourceTree = "<group>"; };
/* End PBXFileReference section */

/* Begin PBXFrameworksBuildPhase section */
		AC66507B2AB9ABD500CC8661 /* Frameworks */ = {
			isa = PBXFrameworksBuildPhase;
			buildActionMask = 2147483647;
			files = (
				D0F309BB84B340673A35879B /* Pods_K_Block.framework in Frameworks */,
			);
			runOnlyForDeploymentPostprocessing = 0;
		};
		AC6650942AB9ABDE00CC8661 /* Frameworks */ = {
			isa = PBXFrameworksBuildPhase;
			buildActionMask = 2147483647;
			files = (
				C2A542852DF367703D64D7DC /* Pods_K_BlockTests.framework in Frameworks */,
			);
			runOnlyForDeploymentPostprocessing = 0;
		};
		AC66509E2AB9ABDE00CC8661 /* Frameworks */ = {
			isa = PBXFrameworksBuildPhase;
			buildActionMask = 2147483647;
			files = (
				3400F01317D8A39B162972E0 /* Pods_K_Block_K_BlockUITests.framework in Frameworks */,
			);
			runOnlyForDeploymentPostprocessing = 0;
		};
/* End PBXFrameworksBuildPhase section */

/* Begin PBXGroup section */
		171BDC809EBC9B1B250CD7E7 /* Pods */ = {
			isa = PBXGroup;
			children = (
				7E6C22133503074B70462550 /* Pods-K-Block.debug.xcconfig */,
				7DE0630A575B53AFC3CBF6CA /* Pods-K-Block.release.xcconfig */,
				B76C760619C2AC7FDE28EC35 /* Pods-K-Block-K-BlockUITests.debug.xcconfig */,
				EFC1A0621E1DF30793B45B18 /* Pods-K-Block-K-BlockUITests.release.xcconfig */,
				077C8B008F9D4B9C0E3FD323 /* Pods-K-BlockTests.debug.xcconfig */,
				5D359A5B37F7B12E7D546819 /* Pods-K-BlockTests.release.xcconfig */,
			);
			path = Pods;
			sourceTree = "<group>";
		};
		398C18C8F9E7735FB4C78A96 /* Frameworks */ = {
			isa = PBXGroup;
			children = (
				E9B24821963FFC4BE486DF98 /* Pods_K_Block.framework */,
				BA64F9DD8CB5789F6D35444D /* Pods_K_Block_K_BlockUITests.framework */,
				29A536A1345435C91C166435 /* Pods_K_BlockTests.framework */,
			);
			name = Frameworks;
			sourceTree = "<group>";
		};
		AC1FCF2F2ABC1280002176A5 /* Controller */ = {
			isa = PBXGroup;
			children = (
				AC7848B32AD571DF00C61B1A /* ClassExtension */,
				AC1FCF312ABC1300002176A5 /* LogInViewController.swift */,
				AC1FCF332ABC1A14002176A5 /* AuthenticationViewController.swift */,
				AC5A61A92AC1ABB800844DFF /* InstructionViewController.swift */,
				AC6125D72AFB4C3E00BA273C /* TabBarViewController.swift */,
				AC2D63A32AC441DF00476646 /* HomeViewController.swift */,
				AC71BD162ADEE67F007D6DA1 /* ListTableViewController.swift */,
				ACFE611A2ADFB5790089DECB /* WhiteListViewController.swift */,
				AC6F32BD2AE927FB00DF471C /* BlackListViewController.swift */,
				AC7379142AF10056008226C2 /* AppManagementViewController.swift */,
				AC7379182AF12D2F008226C2 /* HistoryNumberOfAdBlockViewController.swift */,
				ACEB603E2AF211A600CCEC83 /* AppManagementScreenAdvancedSettingTableViewController.swift */,
				ACB500222B1847370029C32F /* OtherTableViewController.swift */,
				AC84441D2B15C60E0084F705 /* AccountViewController.swift */,
				AC84441F2B15C63E0084F705 /* DesignSettingViewController.swift */,
				AC8444212B15C6BE0084F705 /* AboutAppViewController.swift */,
			);
			name = Controller;
			sourceTree = "<group>";
		};
		AC1FCF302ABC1299002176A5 /* View */ = {
			isa = PBXGroup;
			children = (
				AC70CB402AC1E65100411C2C /* Main.storyboard */,
			);
			path = View;
			sourceTree = "<group>";
		};
		AC6125D92AFB606800BA273C /* Utils */ = {
			isa = PBXGroup;
			children = (
				AC6125DA2AFB60AD00BA273C /* VPNUtils */,
			);
			path = Utils;
			sourceTree = "<group>";
		};
		AC6125DA2AFB60AD00BA273C /* VPNUtils */ = {
			isa = PBXGroup;
			children = (
				AC6125DB2AFB60E000BA273C /* VPNConfigurationManager.swift */,
				AC80CC672AFCE29500428DC8 /* HandalVPNConnection.swift */,
			);
			path = VPNUtils;
			sourceTree = "<group>";
		};
		AC6125DD2AFB623800BA273C /* Core */ = {
			isa = PBXGroup;
			children = (
				AC6125DE2AFB624200BA273C /* StaticRules.swift */,
			);
			name = Core;
			sourceTree = "<group>";
		};
		AC6650752AB9ABD500CC8661 = {
			isa = PBXGroup;
			children = (
				AC6650802AB9ABD500CC8661 /* K-Block */,
				AC66509A2AB9ABDE00CC8661 /* K-BlockTests */,
				AC6650A42AB9ABDE00CC8661 /* K-BlockUITests */,
				AC66507F2AB9ABD500CC8661 /* Products */,
				171BDC809EBC9B1B250CD7E7 /* Pods */,
				398C18C8F9E7735FB4C78A96 /* Frameworks */,
			);
			sourceTree = "<group>";
		};
		AC66507F2AB9ABD500CC8661 /* Products */ = {
			isa = PBXGroup;
			children = (
				AC66507E2AB9ABD500CC8661 /* K-Block.app */,
				AC6650972AB9ABDE00CC8661 /* K-BlockTests.xctest */,
				AC6650A12AB9ABDE00CC8661 /* K-BlockUITests.xctest */,
			);
			name = Products;
			sourceTree = "<group>";
		};
		AC6650802AB9ABD500CC8661 /* K-Block */ = {
			isa = PBXGroup;
			children = (
				AC8159D02B0FB18000A47257 /* Views */,
				AC6125DD2AFB623800BA273C /* Core */,
				AC6125D92AFB606800BA273C /* Utils */,
				AC682B8C2ADFBF3A00FC2665 /* CostomClasses */,
				AC75D33E2ABC9E600088B845 /* Extension */,
				AC71A4C22B0C750A001FF343 /* ServerExtension */,
				AC7848B02AD5494300C61B1A /* Model */,
				AC1FCF302ABC1299002176A5 /* View */,
				AC1FCF2F2ABC1280002176A5 /* Controller */,
				AC6650812AB9ABD500CC8661 /* AppDelegate.swift */,
				AC6650832AB9ABD500CC8661 /* SceneDelegate.swift */,
				AC66508D2AB9ABDD00CC8661 /* Assets.xcassets */,
				AC66508F2AB9ABDD00CC8661 /* LaunchScreen.storyboard */,
				AC6650922AB9ABDE00CC8661 /* Info.plist */,
				AC66508A2AB9ABD500CC8661 /* K_Block.xcdatamodeld */,
			);
			path = "K-Block";
			sourceTree = "<group>";
		};
		AC66509A2AB9ABDE00CC8661 /* K-BlockTests */ = {
			isa = PBXGroup;
			children = (
				AC66509B2AB9ABDE00CC8661 /* K_BlockTests.swift */,
			);
			path = "K-BlockTests";
			sourceTree = "<group>";
		};
		AC6650A42AB9ABDE00CC8661 /* K-BlockUITests */ = {
			isa = PBXGroup;
			children = (
				AC6650A52AB9ABDE00CC8661 /* K_BlockUITests.swift */,
				AC6650A72AB9ABDE00CC8661 /* K_BlockUITestsLaunchTests.swift */,
			);
			path = "K-BlockUITests";
			sourceTree = "<group>";
		};
		AC682B8C2ADFBF3A00FC2665 /* CostomClasses */ = {
			isa = PBXGroup;
			children = (
				AC682B8D2ADFBF9500FC2665 /* CustomTableViewCell */,
				AC61555C2AF267AF00150293 /* AppManagementTableViewCell.swift */,
			);
			name = CostomClasses;
			sourceTree = "<group>";
		};
		AC682B8D2ADFBF9500FC2665 /* CustomTableViewCell */ = {
			isa = PBXGroup;
			children = (
				AC682B8E2ADFBFFD00FC2665 /* WhiteListTableViewCell.swift */,
				AC76299B2AEB8AF800D0648A /* BlackListTableViewCell.swift */,
			);
			path = CustomTableViewCell;
			sourceTree = "<group>";
		};
		AC71A4C22B0C750A001FF343 /* ServerExtension */ = {
			isa = PBXGroup;
			children = (
				AC8159BE2B0FA18F00A47257 /* Bundle+displayName.swift */,
				AC8159C02B0FA1BF00A47257 /* NEOnDemandRuleAction+CaseIterable.swift */,
				AC8159CE2B0FAB3100A47257 /* NEOnDemandRuleAction+Codable.swift */,
				AC8159C42B0FA21800A47257 /* NEOnDemandRuleAction+CustomStringConvertible.swift */,
				AC8159C62B0FA24B00A47257 /* NEOnDemandRuleInterfaceType+CaseIterable.swift */,
				AC8159C82B0FA26B00A47257 /* NEOnDemandRuleInterfaceType+Codable.swift */,
				AC8159CA2B0FA29700A47257 /* NEOnDemandRuleInterfaceType+CustomStringConvertible.swift */,
				AC8159CC2B0FA2CC00A47257 /* NEOnDemandRuleInterfaceType+ssidIsUsed.swift */,
			);
			path = ServerExtension;
			sourceTree = "<group>";
		};
		AC75D33E2ABC9E600088B845 /* Extension */ = {
			isa = PBXGroup;
			children = (
				AC75D33F2ABC9EC00088B845 /* AlertController +Extension.swift */,
				AC7848AE2AD52CB900C61B1A /* Color+Extension.swift */,
				AC682B902ADFFAF200FC2665 /* UIButton+Extension.swift */,
				ACE9C9472AEA91C400A33316 /* Array+Extension.swift */,
				AC76299F2AEBB30600D0648A /* UIView+Extension.swift */,
				ACE313E52AF3A3E1005B792E /* Dictionary+Extension.swift */,
			);
			name = Extension;
			sourceTree = "<group>";
		};
		AC7848B02AD5494300C61B1A /* Model */ = {
			isa = PBXGroup;
			children = (
				AC6CC2C22AF4B7930015AE70 /* LoginSerialCodeModel.swift */,
				AC8159BA2B0FA09200A47257 /* Preset.swift */,
				AC8159BC2B0FA13B00A47257 /* Resolver.swift */,
			);
			path = Model;
			sourceTree = "<group>";
		};
		AC7848B32AD571DF00C61B1A /* ClassExtension */ = {
			isa = PBXGroup;
			children = (
				AC7848B42AD5722C00C61B1A /* InstructionVC+Extension.swift */,
				AC1A10B52AD6A14E0014EBEF /* HomeViewController+Extension.swift */,
				AC682B8A2ADFBDE900FC2665 /* WhiteListViewController+Extension.swift */,
				AC76299D2AEB8B6000D0648A /* BlacListViewController+Extension.swift */,
				AC7379162AF10446008226C2 /* AppManagementViewController+Extension.swift */,
			);
			path = ClassExtension;
			sourceTree = "<group>";
		};
		AC8159D02B0FB18000A47257 /* Views */ = {
			isa = PBXGroup;
			children = (
				AC8159D12B0FB18000A47257 /* RuleView.swift */,
				AC8159D22B0FB18000A47257 /* DetailView.swift */,
				AC8159D32B0FB18000A47257 /* DoTSections.swift */,
				AC8159D42B0FB18000A47257 /* DoHSections.swift */,
				AC8159D52B0FB18000A47257 /* LazyTextField.swift */,
				AC8159D62B0FB18000A47257 /* HowToActivateView.swift */,
				AC8159D72B0FB18000A47257 /* ContentView.swift */,
			);
			path = Views;
			sourceTree = "<group>";
		};
/* End PBXGroup section */

/* Begin PBXNativeTarget section */
		AC66507D2AB9ABD500CC8661 /* K-Block */ = {
			isa = PBXNativeTarget;
			buildConfigurationList = AC6650AB2AB9ABDE00CC8661 /* Build configuration list for PBXNativeTarget "K-Block" */;
			buildPhases = (
				8284BEF2061627EF1B44C935 /* [CP] Check Pods Manifest.lock */,
				AC66507A2AB9ABD500CC8661 /* Sources */,
				AC66507B2AB9ABD500CC8661 /* Frameworks */,
				AC66507C2AB9ABD500CC8661 /* Resources */,
				9BE185FB168CA68EC8BDB1BE /* [CP] Embed Pods Frameworks */,
			);
			buildRules = (
			);
			dependencies = (
			);
			name = "K-Block";
			productName = "K-Block";
			productReference = AC66507E2AB9ABD500CC8661 /* K-Block.app */;
			productType = "com.apple.product-type.application";
		};
		AC6650962AB9ABDE00CC8661 /* K-BlockTests */ = {
			isa = PBXNativeTarget;
			buildConfigurationList = AC6650AE2AB9ABDE00CC8661 /* Build configuration list for PBXNativeTarget "K-BlockTests" */;
			buildPhases = (
				A100A86BF232C4DC252096AC /* [CP] Check Pods Manifest.lock */,
				AC6650932AB9ABDE00CC8661 /* Sources */,
				AC6650942AB9ABDE00CC8661 /* Frameworks */,
				AC6650952AB9ABDE00CC8661 /* Resources */,
			);
			buildRules = (
			);
			dependencies = (
				AC6650992AB9ABDE00CC8661 /* PBXTargetDependency */,
			);
			name = "K-BlockTests";
			productName = "K-BlockTests";
			productReference = AC6650972AB9ABDE00CC8661 /* K-BlockTests.xctest */;
			productType = "com.apple.product-type.bundle.unit-test";
		};
		AC6650A02AB9ABDE00CC8661 /* K-BlockUITests */ = {
			isa = PBXNativeTarget;
			buildConfigurationList = AC6650B12AB9ABDE00CC8661 /* Build configuration list for PBXNativeTarget "K-BlockUITests" */;
			buildPhases = (
				FFF5E56E3AB137C9346BCCCD /* [CP] Check Pods Manifest.lock */,
				AC66509D2AB9ABDE00CC8661 /* Sources */,
				AC66509E2AB9ABDE00CC8661 /* Frameworks */,
				AC66509F2AB9ABDE00CC8661 /* Resources */,
				9FB0D69BB5ADD73A36F0F4DC /* [CP] Embed Pods Frameworks */,
			);
			buildRules = (
			);
			dependencies = (
				AC6650A32AB9ABDE00CC8661 /* PBXTargetDependency */,
			);
			name = "K-BlockUITests";
			productName = "K-BlockUITests";
			productReference = AC6650A12AB9ABDE00CC8661 /* K-BlockUITests.xctest */;
			productType = "com.apple.product-type.bundle.ui-testing";
		};
/* End PBXNativeTarget section */

/* Begin PBXProject section */
		AC6650762AB9ABD500CC8661 /* Project object */ = {
			isa = PBXProject;
			attributes = {
				BuildIndependentTargetsInParallel = 1;
				LastSwiftUpdateCheck = 1420;
				LastUpgradeCheck = 1420;
				TargetAttributes = {
					AC66507D2AB9ABD500CC8661 = {
						CreatedOnToolsVersion = 14.2;
					};
					AC6650962AB9ABDE00CC8661 = {
						CreatedOnToolsVersion = 14.2;
						TestTargetID = AC66507D2AB9ABD500CC8661;
					};
					AC6650A02AB9ABDE00CC8661 = {
						CreatedOnToolsVersion = 14.2;
						TestTargetID = AC66507D2AB9ABD500CC8661;
					};
				};
			};
			buildConfigurationList = AC6650792AB9ABD500CC8661 /* Build configuration list for PBXProject "K-Block" */;
			compatibilityVersion = "Xcode 14.0";
			developmentRegion = en;
			hasScannedForEncodings = 0;
			knownRegions = (
				en,
				Base,
			);
			mainGroup = AC6650752AB9ABD500CC8661;
			productRefGroup = AC66507F2AB9ABD500CC8661 /* Products */;
			projectDirPath = "";
			projectRoot = "";
			targets = (
				AC66507D2AB9ABD500CC8661 /* K-Block */,
				AC6650962AB9ABDE00CC8661 /* K-BlockTests */,
				AC6650A02AB9ABDE00CC8661 /* K-BlockUITests */,
			);
		};
/* End PBXProject section */

/* Begin PBXResourcesBuildPhase section */
		AC66507C2AB9ABD500CC8661 /* Resources */ = {
			isa = PBXResourcesBuildPhase;
			buildActionMask = 2147483647;
			files = (
				AC70CB422AC1E65100411C2C /* Main.storyboard in Resources */,
				AC6650912AB9ABDD00CC8661 /* LaunchScreen.storyboard in Resources */,
				AC66508E2AB9ABDD00CC8661 /* Assets.xcassets in Resources */,
			);
			runOnlyForDeploymentPostprocessing = 0;
		};
		AC6650952AB9ABDE00CC8661 /* Resources */ = {
			isa = PBXResourcesBuildPhase;
			buildActionMask = 2147483647;
			files = (
			);
			runOnlyForDeploymentPostprocessing = 0;
		};
		AC66509F2AB9ABDE00CC8661 /* Resources */ = {
			isa = PBXResourcesBuildPhase;
			buildActionMask = 2147483647;
			files = (
			);
			runOnlyForDeploymentPostprocessing = 0;
		};
/* End PBXResourcesBuildPhase section */

/* Begin PBXShellScriptBuildPhase section */
		8284BEF2061627EF1B44C935 /* [CP] Check Pods Manifest.lock */ = {
			isa = PBXShellScriptBuildPhase;
			buildActionMask = 2147483647;
			files = (
			);
			inputFileListPaths = (
			);
			inputPaths = (
				"${PODS_PODFILE_DIR_PATH}/Podfile.lock",
				"${PODS_ROOT}/Manifest.lock",
			);
			name = "[CP] Check Pods Manifest.lock";
			outputFileListPaths = (
			);
			outputPaths = (
				"$(DERIVED_FILE_DIR)/Pods-K-Block-checkManifestLockResult.txt",
			);
			runOnlyForDeploymentPostprocessing = 0;
			shellPath = /bin/sh;
			shellScript = "diff \"${PODS_PODFILE_DIR_PATH}/Podfile.lock\" \"${PODS_ROOT}/Manifest.lock\" > /dev/null\nif [ $? != 0 ] ; then\n    # print error to STDERR\n    echo \"error: The sandbox is not in sync with the Podfile.lock. Run 'pod install' or update your CocoaPods installation.\" >&2\n    exit 1\nfi\n# This output is used by Xcode 'outputs' to avoid re-running this script phase.\necho \"SUCCESS\" > \"${SCRIPT_OUTPUT_FILE_0}\"\n";
			showEnvVarsInLog = 0;
		};
		9BE185FB168CA68EC8BDB1BE /* [CP] Embed Pods Frameworks */ = {
			isa = PBXShellScriptBuildPhase;
			buildActionMask = 2147483647;
			files = (
			);
			inputFileListPaths = (
				"${PODS_ROOT}/Target Support Files/Pods-K-Block/Pods-K-Block-frameworks-${CONFIGURATION}-input-files.xcfilelist",
			);
			name = "[CP] Embed Pods Frameworks";
			outputFileListPaths = (
				"${PODS_ROOT}/Target Support Files/Pods-K-Block/Pods-K-Block-frameworks-${CONFIGURATION}-output-files.xcfilelist",
			);
			runOnlyForDeploymentPostprocessing = 0;
			shellPath = /bin/sh;
			shellScript = "\"${PODS_ROOT}/Target Support Files/Pods-K-Block/Pods-K-Block-frameworks.sh\"\n";
			showEnvVarsInLog = 0;
		};
		9FB0D69BB5ADD73A36F0F4DC /* [CP] Embed Pods Frameworks */ = {
			isa = PBXShellScriptBuildPhase;
			buildActionMask = 2147483647;
			files = (
			);
			inputFileListPaths = (
				"${PODS_ROOT}/Target Support Files/Pods-K-Block-K-BlockUITests/Pods-K-Block-K-BlockUITests-frameworks-${CONFIGURATION}-input-files.xcfilelist",
			);
			name = "[CP] Embed Pods Frameworks";
			outputFileListPaths = (
				"${PODS_ROOT}/Target Support Files/Pods-K-Block-K-BlockUITests/Pods-K-Block-K-BlockUITests-frameworks-${CONFIGURATION}-output-files.xcfilelist",
			);
			runOnlyForDeploymentPostprocessing = 0;
			shellPath = /bin/sh;
			shellScript = "\"${PODS_ROOT}/Target Support Files/Pods-K-Block-K-BlockUITests/Pods-K-Block-K-BlockUITests-frameworks.sh\"\n";
			showEnvVarsInLog = 0;
		};
		A100A86BF232C4DC252096AC /* [CP] Check Pods Manifest.lock */ = {
			isa = PBXShellScriptBuildPhase;
			buildActionMask = 2147483647;
			files = (
			);
			inputFileListPaths = (
			);
			inputPaths = (
				"${PODS_PODFILE_DIR_PATH}/Podfile.lock",
				"${PODS_ROOT}/Manifest.lock",
			);
			name = "[CP] Check Pods Manifest.lock";
			outputFileListPaths = (
			);
			outputPaths = (
				"$(DERIVED_FILE_DIR)/Pods-K-BlockTests-checkManifestLockResult.txt",
			);
			runOnlyForDeploymentPostprocessing = 0;
			shellPath = /bin/sh;
			shellScript = "diff \"${PODS_PODFILE_DIR_PATH}/Podfile.lock\" \"${PODS_ROOT}/Manifest.lock\" > /dev/null\nif [ $? != 0 ] ; then\n    # print error to STDERR\n    echo \"error: The sandbox is not in sync with the Podfile.lock. Run 'pod install' or update your CocoaPods installation.\" >&2\n    exit 1\nfi\n# This output is used by Xcode 'outputs' to avoid re-running this script phase.\necho \"SUCCESS\" > \"${SCRIPT_OUTPUT_FILE_0}\"\n";
			showEnvVarsInLog = 0;
		};
		FFF5E56E3AB137C9346BCCCD /* [CP] Check Pods Manifest.lock */ = {
			isa = PBXShellScriptBuildPhase;
			buildActionMask = 2147483647;
			files = (
			);
			inputFileListPaths = (
			);
			inputPaths = (
				"${PODS_PODFILE_DIR_PATH}/Podfile.lock",
				"${PODS_ROOT}/Manifest.lock",
			);
			name = "[CP] Check Pods Manifest.lock";
			outputFileListPaths = (
			);
			outputPaths = (
				"$(DERIVED_FILE_DIR)/Pods-K-Block-K-BlockUITests-checkManifestLockResult.txt",
			);
			runOnlyForDeploymentPostprocessing = 0;
			shellPath = /bin/sh;
			shellScript = "diff \"${PODS_PODFILE_DIR_PATH}/Podfile.lock\" \"${PODS_ROOT}/Manifest.lock\" > /dev/null\nif [ $? != 0 ] ; then\n    # print error to STDERR\n    echo \"error: The sandbox is not in sync with the Podfile.lock. Run 'pod install' or update your CocoaPods installation.\" >&2\n    exit 1\nfi\n# This output is used by Xcode 'outputs' to avoid re-running this script phase.\necho \"SUCCESS\" > \"${SCRIPT_OUTPUT_FILE_0}\"\n";
			showEnvVarsInLog = 0;
		};
/* End PBXShellScriptBuildPhase section */

/* Begin PBXSourcesBuildPhase section */
		AC66507A2AB9ABD500CC8661 /* Sources */ = {
			isa = PBXSourcesBuildPhase;
			buildActionMask = 2147483647;
			files = (
				AC8159DB2B0FB18100A47257 /* DoHSections.swift in Sources */,
				AC80CC682AFCE29500428DC8 /* HandalVPNConnection.swift in Sources */,
				AC8159DE2B0FB18100A47257 /* ContentView.swift in Sources */,
				AC6125D82AFB4C3E00BA273C /* TabBarViewController.swift in Sources */,
				ACFE611B2ADFB5790089DECB /* WhiteListViewController.swift in Sources */,
				AC8159DA2B0FB18100A47257 /* DoTSections.swift in Sources */,
				AC682B8B2ADFBDE900FC2665 /* WhiteListViewController+Extension.swift in Sources */,
				AC6F32BE2AE927FB00DF471C /* BlackListViewController.swift in Sources */,
				AC7379172AF10446008226C2 /* AppManagementViewController+Extension.swift in Sources */,
				AC76299C2AEB8AF800D0648A /* BlackListTableViewCell.swift in Sources */,
				AC1FCF322ABC1300002176A5 /* LogInViewController.swift in Sources */,
				AC682B912ADFFAF200FC2665 /* UIButton+Extension.swift in Sources */,
				AC6125DC2AFB60E000BA273C /* VPNConfigurationManager.swift in Sources */,
				AC76299E2AEB8B6000D0648A /* BlacListViewController+Extension.swift in Sources */,
				AC8444222B15C6BE0084F705 /* AboutAppViewController.swift in Sources */,
				AC7379192AF12D2F008226C2 /* HistoryNumberOfAdBlockViewController.swift in Sources */,
				AC7848AF2AD52CB900C61B1A /* Color+Extension.swift in Sources */,
				AC7848B52AD5722C00C61B1A /* InstructionVC+Extension.swift in Sources */,
				AC7629A02AEBB30600D0648A /* UIView+Extension.swift in Sources */,
				AC8159DD2B0FB18100A47257 /* HowToActivateView.swift in Sources */,
				ACEB603F2AF211A600CCEC83 /* AppManagementScreenAdvancedSettingTableViewController.swift in Sources */,
				AC8159C52B0FA21800A47257 /* NEOnDemandRuleAction+CustomStringConvertible.swift in Sources */,
				AC8159CB2B0FA29700A47257 /* NEOnDemandRuleInterfaceType+CustomStringConvertible.swift in Sources */,
				AC66508C2AB9ABD500CC8661 /* K_Block.xcdatamodeld in Sources */,
				AC8159DC2B0FB18100A47257 /* LazyTextField.swift in Sources */,
				AC8444202B15C63E0084F705 /* DesignSettingViewController.swift in Sources */,
				AC682B8F2ADFBFFD00FC2665 /* WhiteListTableViewCell.swift in Sources */,
				AC8159C72B0FA24B00A47257 /* NEOnDemandRuleInterfaceType+CaseIterable.swift in Sources */,
				AC84441E2B15C60E0084F705 /* AccountViewController.swift in Sources */,
				AC8159BF2B0FA18F00A47257 /* Bundle+displayName.swift in Sources */,
				ACE313E62AF3A3E1005B792E /* Dictionary+Extension.swift in Sources */,
				AC6CC2C32AF4B7930015AE70 /* LoginSerialCodeModel.swift in Sources */,
				AC8159D82B0FB18100A47257 /* RuleView.swift in Sources */,
				AC8159D92B0FB18100A47257 /* DetailView.swift in Sources */,
				AC7379152AF10056008226C2 /* AppManagementViewController.swift in Sources */,
				AC8159BD2B0FA13B00A47257 /* Resolver.swift in Sources */,
				AC61555D2AF267AF00150293 /* AppManagementTableViewCell.swift in Sources */,
				ACE9C9482AEA91C400A33316 /* Array+Extension.swift in Sources */,
				AC71BD172ADEE67F007D6DA1 /* ListTableViewController.swift in Sources */,
				AC1A10B62AD6A14E0014EBEF /* HomeViewController+Extension.swift in Sources */,
				AC5A61AA2AC1ABB800844DFF /* InstructionViewController.swift in Sources */,
				AC8159C92B0FA26B00A47257 /* NEOnDemandRuleInterfaceType+Codable.swift in Sources */,
				ACB500232B1847370029C32F /* OtherTableViewController.swift in Sources */,
				AC8159CD2B0FA2CC00A47257 /* NEOnDemandRuleInterfaceType+ssidIsUsed.swift in Sources */,
				AC1FCF342ABC1A14002176A5 /* AuthenticationViewController.swift in Sources */,
				AC8159BB2B0FA09200A47257 /* Preset.swift in Sources */,
				AC8159C12B0FA1BF00A47257 /* NEOnDemandRuleAction+CaseIterable.swift in Sources */,
				AC2D63A42AC441DF00476646 /* HomeViewController.swift in Sources */,
				AC75D3402ABC9EC00088B845 /* AlertController +Extension.swift in Sources */,
				AC8159CF2B0FAB3100A47257 /* NEOnDemandRuleAction+Codable.swift in Sources */,
				AC6650822AB9ABD500CC8661 /* AppDelegate.swift in Sources */,
				AC6650842AB9ABD500CC8661 /* SceneDelegate.swift in Sources */,
			);
			runOnlyForDeploymentPostprocessing = 0;
		};
		AC6650932AB9ABDE00CC8661 /* Sources */ = {
			isa = PBXSourcesBuildPhase;
			buildActionMask = 2147483647;
			files = (
				AC66509C2AB9ABDE00CC8661 /* K_BlockTests.swift in Sources */,
			);
			runOnlyForDeploymentPostprocessing = 0;
		};
		AC66509D2AB9ABDE00CC8661 /* Sources */ = {
			isa = PBXSourcesBuildPhase;
			buildActionMask = 2147483647;
			files = (
				AC6650A82AB9ABDE00CC8661 /* K_BlockUITestsLaunchTests.swift in Sources */,
				AC6650A62AB9ABDE00CC8661 /* K_BlockUITests.swift in Sources */,
			);
			runOnlyForDeploymentPostprocessing = 0;
		};
/* End PBXSourcesBuildPhase section */

/* Begin PBXTargetDependency section */
		AC6650992AB9ABDE00CC8661 /* PBXTargetDependency */ = {
			isa = PBXTargetDependency;
			target = AC66507D2AB9ABD500CC8661 /* K-Block */;
			targetProxy = AC6650982AB9ABDE00CC8661 /* PBXContainerItemProxy */;
		};
		AC6650A32AB9ABDE00CC8661 /* PBXTargetDependency */ = {
			isa = PBXTargetDependency;
			target = AC66507D2AB9ABD500CC8661 /* K-Block */;
			targetProxy = AC6650A22AB9ABDE00CC8661 /* PBXContainerItemProxy */;
		};
/* End PBXTargetDependency section */

/* Begin PBXVariantGroup section */
		AC66508F2AB9ABDD00CC8661 /* LaunchScreen.storyboard */ = {
			isa = PBXVariantGroup;
			children = (
				AC6650902AB9ABDD00CC8661 /* Base */,
			);
			name = LaunchScreen.storyboard;
			sourceTree = "<group>";
		};
		AC70CB402AC1E65100411C2C /* Main.storyboard */ = {
			isa = PBXVariantGroup;
			children = (
				AC70CB412AC1E65100411C2C /* Base */,
			);
			name = Main.storyboard;
			sourceTree = "<group>";
		};
/* End PBXVariantGroup section */

/* Begin XCBuildConfiguration section */
		AC6650A92AB9ABDE00CC8661 /* Debug */ = {
			isa = XCBuildConfiguration;
			buildSettings = {
				ALWAYS_SEARCH_USER_PATHS = NO;
				CLANG_ANALYZER_NONNULL = YES;
				CLANG_ANALYZER_NUMBER_OBJECT_CONVERSION = YES_AGGRESSIVE;
				CLANG_CXX_LANGUAGE_STANDARD = "gnu++20";
				CLANG_ENABLE_MODULES = YES;
				CLANG_ENABLE_OBJC_ARC = YES;
				CLANG_ENABLE_OBJC_WEAK = YES;
				CLANG_WARN_BLOCK_CAPTURE_AUTORELEASING = YES;
				CLANG_WARN_BOOL_CONVERSION = YES;
				CLANG_WARN_COMMA = YES;
				CLANG_WARN_CONSTANT_CONVERSION = YES;
				CLANG_WARN_DEPRECATED_OBJC_IMPLEMENTATIONS = YES;
				CLANG_WARN_DIRECT_OBJC_ISA_USAGE = YES_ERROR;
				CLANG_WARN_DOCUMENTATION_COMMENTS = YES;
				CLANG_WARN_EMPTY_BODY = YES;
				CLANG_WARN_ENUM_CONVERSION = YES;
				CLANG_WARN_INFINITE_RECURSION = YES;
				CLANG_WARN_INT_CONVERSION = YES;
				CLANG_WARN_NON_LITERAL_NULL_CONVERSION = YES;
				CLANG_WARN_OBJC_IMPLICIT_RETAIN_SELF = YES;
				CLANG_WARN_OBJC_LITERAL_CONVERSION = YES;
				CLANG_WARN_OBJC_ROOT_CLASS = YES_ERROR;
				CLANG_WARN_QUOTED_INCLUDE_IN_FRAMEWORK_HEADER = YES;
				CLANG_WARN_RANGE_LOOP_ANALYSIS = YES;
				CLANG_WARN_STRICT_PROTOTYPES = YES;
				CLANG_WARN_SUSPICIOUS_MOVE = YES;
				CLANG_WARN_UNGUARDED_AVAILABILITY = YES_AGGRESSIVE;
				CLANG_WARN_UNREACHABLE_CODE = YES;
				CLANG_WARN__DUPLICATE_METHOD_MATCH = YES;
				COPY_PHASE_STRIP = NO;
				DEBUG_INFORMATION_FORMAT = dwarf;
				ENABLE_STRICT_OBJC_MSGSEND = YES;
				ENABLE_TESTABILITY = YES;
				GCC_C_LANGUAGE_STANDARD = gnu11;
				GCC_DYNAMIC_NO_PIC = NO;
				GCC_NO_COMMON_BLOCKS = YES;
				GCC_OPTIMIZATION_LEVEL = 0;
				GCC_PREPROCESSOR_DEFINITIONS = (
					"DEBUG=1",
					"$(inherited)",
				);
				GCC_WARN_64_TO_32_BIT_CONVERSION = YES;
				GCC_WARN_ABOUT_RETURN_TYPE = YES_ERROR;
				GCC_WARN_UNDECLARED_SELECTOR = YES;
				GCC_WARN_UNINITIALIZED_AUTOS = YES_AGGRESSIVE;
				GCC_WARN_UNUSED_FUNCTION = YES;
				GCC_WARN_UNUSED_VARIABLE = YES;
				IPHONEOS_DEPLOYMENT_TARGET = 15.0;
				MTL_ENABLE_DEBUG_INFO = INCLUDE_SOURCE;
				MTL_FAST_MATH = YES;
				ONLY_ACTIVE_ARCH = YES;
				SDKROOT = iphoneos;
				SWIFT_ACTIVE_COMPILATION_CONDITIONS = DEBUG;
				SWIFT_OPTIMIZATION_LEVEL = "-Onone";
			};
			name = Debug;
		};
		AC6650AA2AB9ABDE00CC8661 /* Release */ = {
			isa = XCBuildConfiguration;
			buildSettings = {
				ALWAYS_SEARCH_USER_PATHS = NO;
				CLANG_ANALYZER_NONNULL = YES;
				CLANG_ANALYZER_NUMBER_OBJECT_CONVERSION = YES_AGGRESSIVE;
				CLANG_CXX_LANGUAGE_STANDARD = "gnu++20";
				CLANG_ENABLE_MODULES = YES;
				CLANG_ENABLE_OBJC_ARC = YES;
				CLANG_ENABLE_OBJC_WEAK = YES;
				CLANG_WARN_BLOCK_CAPTURE_AUTORELEASING = YES;
				CLANG_WARN_BOOL_CONVERSION = YES;
				CLANG_WARN_COMMA = YES;
				CLANG_WARN_CONSTANT_CONVERSION = YES;
				CLANG_WARN_DEPRECATED_OBJC_IMPLEMENTATIONS = YES;
				CLANG_WARN_DIRECT_OBJC_ISA_USAGE = YES_ERROR;
				CLANG_WARN_DOCUMENTATION_COMMENTS = YES;
				CLANG_WARN_EMPTY_BODY = YES;
				CLANG_WARN_ENUM_CONVERSION = YES;
				CLANG_WARN_INFINITE_RECURSION = YES;
				CLANG_WARN_INT_CONVERSION = YES;
				CLANG_WARN_NON_LITERAL_NULL_CONVERSION = YES;
				CLANG_WARN_OBJC_IMPLICIT_RETAIN_SELF = YES;
				CLANG_WARN_OBJC_LITERAL_CONVERSION = YES;
				CLANG_WARN_OBJC_ROOT_CLASS = YES_ERROR;
				CLANG_WARN_QUOTED_INCLUDE_IN_FRAMEWORK_HEADER = YES;
				CLANG_WARN_RANGE_LOOP_ANALYSIS = YES;
				CLANG_WARN_STRICT_PROTOTYPES = YES;
				CLANG_WARN_SUSPICIOUS_MOVE = YES;
				CLANG_WARN_UNGUARDED_AVAILABILITY = YES_AGGRESSIVE;
				CLANG_WARN_UNREACHABLE_CODE = YES;
				CLANG_WARN__DUPLICATE_METHOD_MATCH = YES;
				COPY_PHASE_STRIP = NO;
				DEBUG_INFORMATION_FORMAT = "dwarf-with-dsym";
				ENABLE_NS_ASSERTIONS = NO;
				ENABLE_STRICT_OBJC_MSGSEND = YES;
				GCC_C_LANGUAGE_STANDARD = gnu11;
				GCC_NO_COMMON_BLOCKS = YES;
				GCC_WARN_64_TO_32_BIT_CONVERSION = YES;
				GCC_WARN_ABOUT_RETURN_TYPE = YES_ERROR;
				GCC_WARN_UNDECLARED_SELECTOR = YES;
				GCC_WARN_UNINITIALIZED_AUTOS = YES_AGGRESSIVE;
				GCC_WARN_UNUSED_FUNCTION = YES;
				GCC_WARN_UNUSED_VARIABLE = YES;
				IPHONEOS_DEPLOYMENT_TARGET = 15.0;
				MTL_ENABLE_DEBUG_INFO = NO;
				MTL_FAST_MATH = YES;
				SDKROOT = iphoneos;
				SWIFT_COMPILATION_MODE = wholemodule;
				SWIFT_OPTIMIZATION_LEVEL = "-O";
				VALIDATE_PRODUCT = YES;
			};
			name = Release;
		};
		AC6650AC2AB9ABDE00CC8661 /* Debug */ = {
			isa = XCBuildConfiguration;
			baseConfigurationReference = 7E6C22133503074B70462550 /* Pods-K-Block.debug.xcconfig */;
			buildSettings = {
				ASSETCATALOG_COMPILER_APPICON_NAME = AppIcon;
				ASSETCATALOG_COMPILER_GLOBAL_ACCENT_COLOR_NAME = AccentColor;
				CODE_SIGN_STYLE = Automatic;
				CURRENT_PROJECT_VERSION = 1;
				DEVELOPMENT_TEAM = FY4PA9E3BA;
				GENERATE_INFOPLIST_FILE = YES;
				INFOPLIST_FILE = "K-Block/Info.plist";
				INFOPLIST_KEY_UIApplicationSupportsIndirectInputEvents = YES;
				INFOPLIST_KEY_UILaunchStoryboardName = "";
				INFOPLIST_KEY_UIMainStoryboardFile = Main;
				INFOPLIST_KEY_UISupportedInterfaceOrientations_iPad = "UIInterfaceOrientationPortrait UIInterfaceOrientationPortraitUpsideDown UIInterfaceOrientationLandscapeLeft UIInterfaceOrientationLandscapeRight";
				INFOPLIST_KEY_UISupportedInterfaceOrientations_iPhone = "UIInterfaceOrientationPortrait UIInterfaceOrientationLandscapeLeft UIInterfaceOrientationLandscapeRight";
				IPHONEOS_DEPLOYMENT_TARGET = 15.0;
				LD_RUNPATH_SEARCH_PATHS = (
					"$(inherited)",
					"@executable_path/Frameworks",
				);
				MARKETING_VERSION = 1.0;
				PRODUCT_BUNDLE_IDENTIFIER = "ftechiz-solution.K-Block";
				PRODUCT_NAME = "$(TARGET_NAME)";
				SWIFT_EMIT_LOC_STRINGS = YES;
				SWIFT_VERSION = 5.0;
				TARGETED_DEVICE_FAMILY = "1,2";
			};
			name = Debug;
		};
		AC6650AD2AB9ABDE00CC8661 /* Release */ = {
			isa = XCBuildConfiguration;
			baseConfigurationReference = 7DE0630A575B53AFC3CBF6CA /* Pods-K-Block.release.xcconfig */;
			buildSettings = {
				ASSETCATALOG_COMPILER_APPICON_NAME = AppIcon;
				ASSETCATALOG_COMPILER_GLOBAL_ACCENT_COLOR_NAME = AccentColor;
				CODE_SIGN_STYLE = Automatic;
				CURRENT_PROJECT_VERSION = 1;
				DEVELOPMENT_TEAM = FY4PA9E3BA;
				GENERATE_INFOPLIST_FILE = YES;
				INFOPLIST_FILE = "K-Block/Info.plist";
				INFOPLIST_KEY_UIApplicationSupportsIndirectInputEvents = YES;
				INFOPLIST_KEY_UILaunchStoryboardName = "";
				INFOPLIST_KEY_UIMainStoryboardFile = Main;
				INFOPLIST_KEY_UISupportedInterfaceOrientations_iPad = "UIInterfaceOrientationPortrait UIInterfaceOrientationPortraitUpsideDown UIInterfaceOrientationLandscapeLeft UIInterfaceOrientationLandscapeRight";
				INFOPLIST_KEY_UISupportedInterfaceOrientations_iPhone = "UIInterfaceOrientationPortrait UIInterfaceOrientationLandscapeLeft UIInterfaceOrientationLandscapeRight";
				IPHONEOS_DEPLOYMENT_TARGET = 15.0;
				LD_RUNPATH_SEARCH_PATHS = (
					"$(inherited)",
					"@executable_path/Frameworks",
				);
				MARKETING_VERSION = 1.0;
				PRODUCT_BUNDLE_IDENTIFIER = "ftechiz-solution.K-Block";
				PRODUCT_NAME = "$(TARGET_NAME)";
				SWIFT_EMIT_LOC_STRINGS = YES;
				SWIFT_VERSION = 5.0;
				TARGETED_DEVICE_FAMILY = "1,2";
			};
			name = Release;
		};
		AC6650AF2AB9ABDE00CC8661 /* Debug */ = {
			isa = XCBuildConfiguration;
			baseConfigurationReference = 077C8B008F9D4B9C0E3FD323 /* Pods-K-BlockTests.debug.xcconfig */;
			buildSettings = {
				ALWAYS_EMBED_SWIFT_STANDARD_LIBRARIES = YES;
				BUNDLE_LOADER = "$(TEST_HOST)";
				CODE_SIGN_STYLE = Automatic;
				CURRENT_PROJECT_VERSION = 1;
				DEVELOPMENT_TEAM = FY4PA9E3BA;
				GENERATE_INFOPLIST_FILE = YES;
				IPHONEOS_DEPLOYMENT_TARGET = 16.2;
				MARKETING_VERSION = 1.0;
				PRODUCT_BUNDLE_IDENTIFIER = "ftechiz-solution.K-BlockTests";
				PRODUCT_NAME = "$(TARGET_NAME)";
				SWIFT_EMIT_LOC_STRINGS = NO;
				SWIFT_VERSION = 5.0;
				TARGETED_DEVICE_FAMILY = "1,2";
				TEST_HOST = "$(BUILT_PRODUCTS_DIR)/K-Block.app/$(BUNDLE_EXECUTABLE_FOLDER_PATH)/K-Block";
			};
			name = Debug;
		};
		AC6650B02AB9ABDE00CC8661 /* Release */ = {
			isa = XCBuildConfiguration;
			baseConfigurationReference = 5D359A5B37F7B12E7D546819 /* Pods-K-BlockTests.release.xcconfig */;
			buildSettings = {
				ALWAYS_EMBED_SWIFT_STANDARD_LIBRARIES = YES;
				BUNDLE_LOADER = "$(TEST_HOST)";
				CODE_SIGN_STYLE = Automatic;
				CURRENT_PROJECT_VERSION = 1;
				DEVELOPMENT_TEAM = FY4PA9E3BA;
				GENERATE_INFOPLIST_FILE = YES;
				IPHONEOS_DEPLOYMENT_TARGET = 16.2;
				MARKETING_VERSION = 1.0;
				PRODUCT_BUNDLE_IDENTIFIER = "ftechiz-solution.K-BlockTests";
				PRODUCT_NAME = "$(TARGET_NAME)";
				SWIFT_EMIT_LOC_STRINGS = NO;
				SWIFT_VERSION = 5.0;
				TARGETED_DEVICE_FAMILY = "1,2";
				TEST_HOST = "$(BUILT_PRODUCTS_DIR)/K-Block.app/$(BUNDLE_EXECUTABLE_FOLDER_PATH)/K-Block";
			};
			name = Release;
		};
		AC6650B22AB9ABDE00CC8661 /* Debug */ = {
			isa = XCBuildConfiguration;
			baseConfigurationReference = B76C760619C2AC7FDE28EC35 /* Pods-K-Block-K-BlockUITests.debug.xcconfig */;
			buildSettings = {
				ALWAYS_EMBED_SWIFT_STANDARD_LIBRARIES = YES;
				CODE_SIGN_STYLE = Automatic;
				CURRENT_PROJECT_VERSION = 1;
				DEVELOPMENT_TEAM = FY4PA9E3BA;
				GENERATE_INFOPLIST_FILE = YES;
				MARKETING_VERSION = 1.0;
				PRODUCT_BUNDLE_IDENTIFIER = "ftechiz-solution.K-BlockUITests";
				PRODUCT_NAME = "$(TARGET_NAME)";
				SWIFT_EMIT_LOC_STRINGS = NO;
				SWIFT_VERSION = 5.0;
				TARGETED_DEVICE_FAMILY = "1,2";
				TEST_TARGET_NAME = "K-Block";
			};
			name = Debug;
		};
		AC6650B32AB9ABDE00CC8661 /* Release */ = {
			isa = XCBuildConfiguration;
			baseConfigurationReference = EFC1A0621E1DF30793B45B18 /* Pods-K-Block-K-BlockUITests.release.xcconfig */;
			buildSettings = {
				ALWAYS_EMBED_SWIFT_STANDARD_LIBRARIES = YES;
				CODE_SIGN_STYLE = Automatic;
				CURRENT_PROJECT_VERSION = 1;
				DEVELOPMENT_TEAM = FY4PA9E3BA;
				GENERATE_INFOPLIST_FILE = YES;
				MARKETING_VERSION = 1.0;
				PRODUCT_BUNDLE_IDENTIFIER = "ftechiz-solution.K-BlockUITests";
				PRODUCT_NAME = "$(TARGET_NAME)";
				SWIFT_EMIT_LOC_STRINGS = NO;
				SWIFT_VERSION = 5.0;
				TARGETED_DEVICE_FAMILY = "1,2";
				TEST_TARGET_NAME = "K-Block";
			};
			name = Release;
		};
/* End XCBuildConfiguration section */

/* Begin XCConfigurationList section */
		AC6650792AB9ABD500CC8661 /* Build configuration list for PBXProject "K-Block" */ = {
			isa = XCConfigurationList;
			buildConfigurations = (
				AC6650A92AB9ABDE00CC8661 /* Debug */,
				AC6650AA2AB9ABDE00CC8661 /* Release */,
			);
			defaultConfigurationIsVisible = 0;
			defaultConfigurationName = Release;
		};
		AC6650AB2AB9ABDE00CC8661 /* Build configuration list for PBXNativeTarget "K-Block" */ = {
			isa = XCConfigurationList;
			buildConfigurations = (
				AC6650AC2AB9ABDE00CC8661 /* Debug */,
				AC6650AD2AB9ABDE00CC8661 /* Release */,
			);
			defaultConfigurationIsVisible = 0;
			defaultConfigurationName = Release;
		};
		AC6650AE2AB9ABDE00CC8661 /* Build configuration list for PBXNativeTarget "K-BlockTests" */ = {
			isa = XCConfigurationList;
			buildConfigurations = (
				AC6650AF2AB9ABDE00CC8661 /* Debug */,
				AC6650B02AB9ABDE00CC8661 /* Release */,
			);
			defaultConfigurationIsVisible = 0;
			defaultConfigurationName = Release;
		};
		AC6650B12AB9ABDE00CC8661 /* Build configuration list for PBXNativeTarget "K-BlockUITests" */ = {
			isa = XCConfigurationList;
			buildConfigurations = (
				AC6650B22AB9ABDE00CC8661 /* Debug */,
				AC6650B32AB9ABDE00CC8661 /* Release */,
			);
			defaultConfigurationIsVisible = 0;
			defaultConfigurationName = Release;
		};
/* End XCConfigurationList section */

/* Begin XCVersionGroup section */
		AC66508A2AB9ABD500CC8661 /* K_Block.xcdatamodeld */ = {
			isa = XCVersionGroup;
			children = (
				AC66508B2AB9ABD500CC8661 /* K_Block.xcdatamodel */,
			);
			currentVersion = AC66508B2AB9ABD500CC8661 /* K_Block.xcdatamodel */;
			path = K_Block.xcdatamodeld;
			sourceTree = "<group>";
			versionGroupType = wrapper.xcdatamodel;
		};
/* End XCVersionGroup section */
	};
	rootObject = AC6650762AB9ABD500CC8661 /* Project object */;
}
